
Microsoft Visual Studio Solution File, Format Version 12.00
# Visual Studio Version 17
VisualStudioVersion = 17.1.31911.260
MinimumVisualStudioVersion = 10.0.40219.1
Project("{FAE04EC0-301F-11D3-BF4B-00C04F79EFBC}") = "Viewer", "Viewer\Viewer.csproj", "{BAED52F2-7BC2-43B2-B097-0CC2D830FDF8}"
EndProject
Project("{D954291E-2A0B-460D-934E-DC6B0785DB48}") = "WalkerSim", "WalkerSim\WalkerSim.shproj", "{8BD1723C-67B3-45A9-B177-FEB49F2407D8}"
EndProject
Project("{FAE04EC0-301F-11D3-BF4B-00C04F79EFBC}") = "Mod", "Mod\Mod.csproj", "{5E392257-9B08-4E5E-8ED3-9FF143A25CCF}"
EndProject
Project("{FAE04EC0-301F-11D3-BF4B-00C04F79EFBC}") = "Tests", "Tests\Tests.csproj", "{9A5C48F2-F53F-45E4-ACF4-E70605A0BC21}"
EndProject
Project("{2150E333-8FDC-42A3-9474-1A3956D46DE8}") = "Solution Items", "Solution Items", "{0026D5CF-C0FC-4CEB-9C65-3904B49CC2FE}"
	ProjectSection(SolutionItems) = preProject
		.editorconfig = .editorconfig
	EndProjectSection
EndProject
Global
	GlobalSection(SolutionConfigurationPlatforms) = preSolution
		Debug|Any CPU = Debug|Any CPU
		Release|Any CPU = Release|Any CPU
	EndGlobalSection
	GlobalSection(ProjectConfigurationPlatforms) = postSolution
		{BAED52F2-7BC2-43B2-B097-0CC2D830FDF8}.Debug|Any CPU.ActiveCfg = Debug|Any CPU
		{BAED52F2-7BC2-43B2-B097-0CC2D830FDF8}.Debug|Any CPU.Build.0 = Debug|Any CPU
		{BAED52F2-7BC2-43B2-B097-0CC2D830FDF8}.Release|Any CPU.ActiveCfg = Release|Any CPU
		{BAED52F2-7BC2-43B2-B097-0CC2D830FDF8}.Release|Any CPU.Build.0 = Release|Any CPU
		{5E392257-9B08-4E5E-8ED3-9FF143A25CCF}.Debug|Any CPU.ActiveCfg = Debug|Any CPU
		{5E392257-9B08-4E5E-8ED3-9FF143A25CCF}.Debug|Any CPU.Build.0 = Debug|Any CPU
		{5E392257-9B08-4E5E-8ED3-9FF143A25CCF}.Release|Any CPU.ActiveCfg = Release|Any CPU
		{5E392257-9B08-4E5E-8ED3-9FF143A25CCF}.Release|Any CPU.Build.0 = Release|Any CPU
		{9A5C48F2-F53F-45E4-ACF4-E70605A0BC21}.Debug|Any CPU.ActiveCfg = Debug|Any CPU
		{9A5C48F2-F53F-45E4-ACF4-E70605A0BC21}.Debug|Any CPU.Build.0 = Debug|Any CPU
		{9A5C48F2-F53F-45E4-ACF4-E70605A0BC21}.Release|Any CPU.ActiveCfg = Release|Any CPU
		{9A5C48F2-F53F-45E4-ACF4-E70605A0BC21}.Release|Any CPU.Build.0 = Release|Any CPU
	EndGlobalSection
	GlobalSection(SolutionProperties) = preSolution
		HideSolutionNode = FALSE
	EndGlobalSection
	GlobalSection(ExtensibilityGlobals) = postSolution
		SolutionGuid = {790006B6-DE97-49CD-BBEC-2B577BC2AF96}
	EndGlobalSection
	GlobalSection(SharedMSBuildProjectFiles) = preSolution
		WalkerSim\WalkerSim.projitems*{5e392257-9b08-4e5e-8ed3-9ff143a25ccf}*SharedItemsImports = 4
		WalkerSim\WalkerSim.projitems*{8bd1723c-67b3-45a9-b177-feb49f2407d8}*SharedItemsImports = 13
		WalkerSim\WalkerSim.projitems*{9a5c48f2-f53f-45e4-acf4-e70605a0bc21}*SharedItemsImports = 4
		WalkerSim\WalkerSim.projitems*{baed52f2-7bc2-43b2-b097-0cc2d830fdf8}*SharedItemsImports = 4
	EndGlobalSection
EndGlobal
